
Microsoft Visual Studio Solution File, Format Version 12.00
# Visual Studio Version 16
VisualStudioVersion = 16.0.31205.134
MinimumVisualStudioVersion = 10.0.40219.1
Project("{FAE04EC0-301F-11D3-BF4B-00C04F79EFBC}") = "ch2-grade-converter", "ch2-grade-converter\ch2-grade-converter.csproj", "{6475F4BE-681C-4653-871B-C2C090676B39}"
EndProject
Global
	GlobalSection(SolutionConfigurationPlatforms) = preSolution
		Debug|Any CPU = Debug|Any CPU
		Release|Any CPU = Release|Any CPU
	EndGlobalSection
	GlobalSection(ProjectConfigurationPlatforms) = postSolution
		{6475F4BE-681C-4653-871B-C2C090676B39}.Debug|Any CPU.ActiveCfg = Debug|Any CPU
		{6475F4BE-681C-4653-871B-C2C090676B39}.Debug|Any CPU.Build.0 = Debug|Any CPU
		{6475F4BE-681C-4653-871B-C2C090676B39}.Release|Any CPU.ActiveCfg = Release|Any CPU
		{6475F4BE-681C-4653-871B-C2C090676B39}.Release|Any CPU.Build.0 = Release|Any CPU
	EndGlobalSection
	GlobalSection(SolutionProperties) = preSolution
		HideSolutionNode = FALSE
	EndGlobalSection
	GlobalSection(ExtensibilityGlobals) = postSolution
		SolutionGuid = {D6CF3FDB-7109-4BB2-A370-048993315DB7}
	EndGlobalSection
EndGlobal
