
Microsoft Visual Studio Solution File, Format Version 12.00
# Visual Studio Version 16
VisualStudioVersion = 16.0.31205.134
MinimumVisualStudioVersion = 10.0.40219.1
Project("{FAE04EC0-301F-11D3-BF4B-00C04F79EFBC}") = "LinqTutorial", "LinqTutorial\LinqTutorial.csproj", "{79C20158-801B-4C44-87DF-FD15353BD45C}"
EndProject
Project("{9A19103F-16F7-4668-BE54-9A1E7A4F7556}") = "SqlServerLibrary", "..\SqlServerLib\SqlServerLibrary\SqlServerLibrary.csproj", "{6C6D3E43-9B31-4100-AB16-2E897F270319}"
EndProject
Global
	GlobalSection(SolutionConfigurationPlatforms) = preSolution
		Debug|Any CPU = Debug|Any CPU
		Release|Any CPU = Release|Any CPU
	EndGlobalSection
	GlobalSection(ProjectConfigurationPlatforms) = postSolution
		{79C20158-801B-4C44-87DF-FD15353BD45C}.Debug|Any CPU.ActiveCfg = Debug|Any CPU
		{79C20158-801B-4C44-87DF-FD15353BD45C}.Debug|Any CPU.Build.0 = Debug|Any CPU
		{79C20158-801B-4C44-87DF-FD15353BD45C}.Release|Any CPU.ActiveCfg = Release|Any CPU
		{79C20158-801B-4C44-87DF-FD15353BD45C}.Release|Any CPU.Build.0 = Release|Any CPU
		{6C6D3E43-9B31-4100-AB16-2E897F270319}.Debug|Any CPU.ActiveCfg = Debug|Any CPU
		{6C6D3E43-9B31-4100-AB16-2E897F270319}.Debug|Any CPU.Build.0 = Debug|Any CPU
		{6C6D3E43-9B31-4100-AB16-2E897F270319}.Release|Any CPU.ActiveCfg = Release|Any CPU
		{6C6D3E43-9B31-4100-AB16-2E897F270319}.Release|Any CPU.Build.0 = Release|Any CPU
	EndGlobalSection
	GlobalSection(SolutionProperties) = preSolution
		HideSolutionNode = FALSE
	EndGlobalSection
	GlobalSection(ExtensibilityGlobals) = postSolution
		SolutionGuid = {D8D6C376-94F0-4BA0-AC4F-5E9C2AF30751}
	EndGlobalSection
EndGlobal
