
Microsoft Visual Studio Solution File, Format Version 12.00
# Visual Studio Version 16
VisualStudioVersion = 16.0.31205.134
MinimumVisualStudioVersion = 10.0.40219.1
Project("{FAE04EC0-301F-11D3-BF4B-00C04F79EFBC}") = "ch4-squares-and-cubes", "ch4-squares-and-cubes\ch4-squares-and-cubes.csproj", "{B52D4EED-9118-42FD-944E-34DC87B47474}"
EndProject
Global
	GlobalSection(SolutionConfigurationPlatforms) = preSolution
		Debug|Any CPU = Debug|Any CPU
		Release|Any CPU = Release|Any CPU
	EndGlobalSection
	GlobalSection(ProjectConfigurationPlatforms) = postSolution
		{B52D4EED-9118-42FD-944E-34DC87B47474}.Debug|Any CPU.ActiveCfg = Debug|Any CPU
		{B52D4EED-9118-42FD-944E-34DC87B47474}.Debug|Any CPU.Build.0 = Debug|Any CPU
		{B52D4EED-9118-42FD-944E-34DC87B47474}.Release|Any CPU.ActiveCfg = Release|Any CPU
		{B52D4EED-9118-42FD-944E-34DC87B47474}.Release|Any CPU.Build.0 = Release|Any CPU
	EndGlobalSection
	GlobalSection(SolutionProperties) = preSolution
		HideSolutionNode = FALSE
	EndGlobalSection
	GlobalSection(ExtensibilityGlobals) = postSolution
		SolutionGuid = {8863CD55-C260-4665-AA11-C4722B5FF2C7}
	EndGlobalSection
EndGlobal
