
Microsoft Visual Studio Solution File, Format Version 12.00
# Visual Studio Version 16
VisualStudioVersion = 16.0.31205.134
MinimumVisualStudioVersion = 10.0.40219.1
Project("{FAE04EC0-301F-11D3-BF4B-00C04F79EFBC}") = "ch3-change-calculator", "ch3-change-calculator\ch3-change-calculator.csproj", "{E5212520-A8C9-4082-9FC1-9B7B94930E01}"
EndProject
Global
	GlobalSection(SolutionConfigurationPlatforms) = preSolution
		Debug|Any CPU = Debug|Any CPU
		Release|Any CPU = Release|Any CPU
	EndGlobalSection
	GlobalSection(ProjectConfigurationPlatforms) = postSolution
		{E5212520-A8C9-4082-9FC1-9B7B94930E01}.Debug|Any CPU.ActiveCfg = Debug|Any CPU
		{E5212520-A8C9-4082-9FC1-9B7B94930E01}.Debug|Any CPU.Build.0 = Debug|Any CPU
		{E5212520-A8C9-4082-9FC1-9B7B94930E01}.Release|Any CPU.ActiveCfg = Release|Any CPU
		{E5212520-A8C9-4082-9FC1-9B7B94930E01}.Release|Any CPU.Build.0 = Release|Any CPU
	EndGlobalSection
	GlobalSection(SolutionProperties) = preSolution
		HideSolutionNode = FALSE
	EndGlobalSection
	GlobalSection(ExtensibilityGlobals) = postSolution
		SolutionGuid = {4B8E607E-3D74-4A5C-A5C0-0D9C36B2DA12}
	EndGlobalSection
EndGlobal
