
Microsoft Visual Studio Solution File, Format Version 12.00
# Visual Studio Version 16
VisualStudioVersion = 16.0.31205.134
MinimumVisualStudioVersion = 10.0.40219.1
Project("{FAE04EC0-301F-11D3-BF4B-00C04F79EFBC}") = "ch8-person-manager", "ch8-person-manager\ch8-person-manager.csproj", "{5C51DB57-08B9-4E32-A312-9B1CFD9FFE67}"
EndProject
Global
	GlobalSection(SolutionConfigurationPlatforms) = preSolution
		Debug|Any CPU = Debug|Any CPU
		Release|Any CPU = Release|Any CPU
	EndGlobalSection
	GlobalSection(ProjectConfigurationPlatforms) = postSolution
		{5C51DB57-08B9-4E32-A312-9B1CFD9FFE67}.Debug|Any CPU.ActiveCfg = Debug|Any CPU
		{5C51DB57-08B9-4E32-A312-9B1CFD9FFE67}.Debug|Any CPU.Build.0 = Debug|Any CPU
		{5C51DB57-08B9-4E32-A312-9B1CFD9FFE67}.Release|Any CPU.ActiveCfg = Release|Any CPU
		{5C51DB57-08B9-4E32-A312-9B1CFD9FFE67}.Release|Any CPU.Build.0 = Release|Any CPU
	EndGlobalSection
	GlobalSection(SolutionProperties) = preSolution
		HideSolutionNode = FALSE
	EndGlobalSection
	GlobalSection(ExtensibilityGlobals) = postSolution
		SolutionGuid = {A9043D96-8657-41DA-8574-15053CBFD138}
	EndGlobalSection
EndGlobal
